// !$*UTF8*$!
{
	archiveVersion = 1;
	classes = {
	};
	objectVersion = 55;
	objects = {

/* Begin PBXBuildFile section */
		5D371BC828D09C99007FD8EA /* AppDelegate.m in Sources */ = {isa = PBXBuildFile; fileRef = 5D371BC728D09C99007FD8EA /* AppDelegate.m */; };
		5D371BCB28D09C99007FD8EA /* SceneDelegate.m in Sources */ = {isa = PBXBuildFile; fileRef = 5D371BCA28D09C99007FD8EA /* SceneDelegate.m */; };
		5D371BCE28D09C99007FD8EA /* ViewController.m in Sources */ = {isa = PBXBuildFile; fileRef = 5D371BCD28D09C99007FD8EA /* ViewController.m */; };
		5D371BD128D09C99007FD8EA /* Main.storyboard in Resources */ = {isa = PBXBuildFile; fileRef = 5D371BCF28D09C99007FD8EA /* Main.storyboard */; };
		5D371BD328D09C9A007FD8EA /* Assets.xcassets in Resources */ = {isa = PBXBuildFile; fileRef = 5D371BD228D09C9A007FD8EA /* Assets.xcassets */; };
		5D371BD628D09C9A007FD8EA /* LaunchScreen.storyboard in Resources */ = {isa = PBXBuildFile; fileRef = 5D371BD428D09C9A007FD8EA /* LaunchScreen.storyboard */; };
		5D371BD928D09C9A007FD8EA /* main.m in Sources */ = {isa = PBXBuildFile; fileRef = 5D371BD828D09C9A007FD8EA /* main.m */; };
		5D371BE128D09CBD007FD8EA /* TDWSerialDataTaskSequence.m in Sources */ = {isa = PBXBuildFile; fileRef = 5D371BDF28D09CBD007FD8EA /* TDWSerialDataTaskSequence.m */; };
		5D371BE528D135EA007FD8EA /* LICENSE.txt in Resources */ = {isa = PBXBuildFile; fileRef = 5D371BE428D135EA007FD8EA /* LICENSE.txt */; };
/* End PBXBuildFile section */

/* Begin PBXFileReference section */
		5D371BC328D09C99007FD8EA /* SerialDataTaskSequence.app */ = {isa = PBXFileReference; explicitFileType = wrapper.application; includeInIndex = 0; path = SerialDataTaskSequence.app; sourceTree = BUILT_PRODUCTS_DIR; };
		5D371BC628D09C99007FD8EA /* AppDelegate.h */ = {isa = PBXFileReference; lastKnownFileType = sourcecode.c.h; path = AppDelegate.h; sourceTree = "<group>"; };
		5D371BC728D09C99007FD8EA /* AppDelegate.m */ = {isa = PBXFileReference; lastKnownFileType = sourcecode.c.objc; path = AppDelegate.m; sourceTree = "<group>"; };
		5D371BC928D09C99007FD8EA /* SceneDelegate.h */ = {isa = PBXFileReference; lastKnownFileType = sourcecode.c.h; path = SceneDelegate.h; sourceTree = "<group>"; };
		5D371BCA28D09C99007FD8EA /* SceneDelegate.m */ = {isa = PBXFileReference; lastKnownFileType = sourcecode.c.objc; path = SceneDelegate.m; sourceTree = "<group>"; };
		5D371BCC28D09C99007FD8EA /* ViewController.h */ = {isa = PBXFileReference; lastKnownFileType = sourcecode.c.h; path = ViewController.h; sourceTree = "<group>"; };
		5D371BCD28D09C99007FD8EA /* ViewController.m */ = {isa = PBXFileReference; lastKnownFileType = sourcecode.c.objc; path = ViewController.m; sourceTree = "<group>"; };
		5D371BD028D09C99007FD8EA /* Base */ = {isa = PBXFileReference; lastKnownFileType = file.storyboard; name = Base; path = Base.lproj/Main.storyboard; sourceTree = "<group>"; };
		5D371BD228D09C9A007FD8EA /* Assets.xcassets */ = {isa = PBXFileReference; lastKnownFileType = folder.assetcatalog; path = Assets.xcassets; sourceTree = "<group>"; };
		5D371BD528D09C9A007FD8EA /* Base */ = {isa = PBXFileReference; lastKnownFileType = file.storyboard; name = Base; path = Base.lproj/LaunchScreen.storyboard; sourceTree = "<group>"; };
		5D371BD728D09C9A007FD8EA /* Info.plist */ = {isa = PBXFileReference; lastKnownFileType = text.plist.xml; path = Info.plist; sourceTree = "<group>"; };
		5D371BD828D09C9A007FD8EA /* main.m */ = {isa = PBXFileReference; lastKnownFileType = sourcecode.c.objc; path = main.m; sourceTree = "<group>"; };
		5D371BDF28D09CBD007FD8EA /* TDWSerialDataTaskSequence.m */ = {isa = PBXFileReference; fileEncoding = 4; lastKnownFileType = sourcecode.c.objc; path = TDWSerialDataTaskSequence.m; sourceTree = "<group>"; };
		5D371BE028D09CBD007FD8EA /* TDWSerialDataTaskSequence.h */ = {isa = PBXFileReference; fileEncoding = 4; lastKnownFileType = sourcecode.c.h; path = TDWSerialDataTaskSequence.h; sourceTree = "<group>"; };
		5D371BE428D135EA007FD8EA /* LICENSE.txt */ = {isa = PBXFileReference; fileEncoding = 4; lastKnownFileType = text; path = LICENSE.txt; sourceTree = "<group>"; };
/* End PBXFileReference section */

/* Begin PBXFrameworksBuildPhase section */
		5D371BC028D09C99007FD8EA /* Frameworks */ = {
			isa = PBXFrameworksBuildPhase;
			buildActionMask = 2147483647;
			files = (
			);
			runOnlyForDeploymentPostprocessing = 0;
		};
/* End PBXFrameworksBuildPhase section */

/* Begin PBXGroup section */
		5D371BBA28D09C99007FD8EA = {
			isa = PBXGroup;
			children = (
				5D371BE428D135EA007FD8EA /* LICENSE.txt */,
				5D371BC528D09C99007FD8EA /* SerialDataTaskSequence */,
				5D371BC428D09C99007FD8EA /* Products */,
			);
			sourceTree = "<group>";
		};
		5D371BC428D09C99007FD8EA /* Products */ = {
			isa = PBXGroup;
			children = (
				5D371BC328D09C99007FD8EA /* SerialDataTaskSequence.app */,
			);
			name = Products;
			sourceTree = "<group>";
		};
		5D371BC528D09C99007FD8EA /* SerialDataTaskSequence */ = {
			isa = PBXGroup;
			children = (
				5D371BC628D09C99007FD8EA /* AppDelegate.h */,
				5D371BC728D09C99007FD8EA /* AppDelegate.m */,
				5D371BC928D09C99007FD8EA /* SceneDelegate.h */,
				5D371BCA28D09C99007FD8EA /* SceneDelegate.m */,
				5D371BCC28D09C99007FD8EA /* ViewController.h */,
				5D371BCD28D09C99007FD8EA /* ViewController.m */,
				5D371BE028D09CBD007FD8EA /* TDWSerialDataTaskSequence.h */,
				5D371BDF28D09CBD007FD8EA /* TDWSerialDataTaskSequence.m */,
				5D371BCF28D09C99007FD8EA /* Main.storyboard */,
				5D371BD228D09C9A007FD8EA /* Assets.xcassets */,
				5D371BD428D09C9A007FD8EA /* LaunchScreen.storyboard */,
				5D371BD728D09C9A007FD8EA /* Info.plist */,
				5D371BD828D09C9A007FD8EA /* main.m */,
			);
			path = SerialDataTaskSequence;
			sourceTree = "<group>";
		};
/* End PBXGroup section */

/* Begin PBXNativeTarget section */
		5D371BC228D09C99007FD8EA /* SerialDataTaskSequence */ = {
			isa = PBXNativeTarget;
			buildConfigurationList = 5D371BDC28D09C9A007FD8EA /* Build configuration list for PBXNativeTarget "SerialDataTaskSequence" */;
			buildPhases = (
				5D371BBF28D09C99007FD8EA /* Sources */,
				5D371BC028D09C99007FD8EA /* Frameworks */,
				5D371BC128D09C99007FD8EA /* Resources */,
			);
			buildRules = (
			);
			dependencies = (
			);
			name = SerialDataTaskSequence;
			productName = SerialDataTaskSequence;
			productReference = 5D371BC328D09C99007FD8EA /* SerialDataTaskSequence.app */;
			productType = "com.apple.product-type.application";
		};
/* End PBXNativeTarget section */

/* Begin PBXProject section */
		5D371BBB28D09C99007FD8EA /* Project object */ = {
			isa = PBXProject;
			attributes = {
				BuildIndependentTargetsInParallel = 1;
				LastUpgradeCheck = 1340;
				TargetAttributes = {
					5D371BC228D09C99007FD8EA = {
						CreatedOnToolsVersion = 13.4.1;
					};
				};
			};
			buildConfigurationList = 5D371BBE28D09C99007FD8EA /* Build configuration list for PBXProject "SerialDataTaskSequence" */;
			compatibilityVersion = "Xcode 13.0";
			developmentRegion = en;
			hasScannedForEncodings = 0;
			knownRegions = (
				en,
				Base,
			);
			mainGroup = 5D371BBA28D09C99007FD8EA;
			productRefGroup = 5D371BC428D09C99007FD8EA /* Products */;
			projectDirPath = "";
			projectRoot = "";
			targets = (
				5D371BC228D09C99007FD8EA /* SerialDataTaskSequence */,
			);
		};
/* End PBXProject section */

/* Begin PBXResourcesBuildPhase section */
		5D371BC128D09C99007FD8EA /* Resources */ = {
			isa = PBXResourcesBuildPhase;
			buildActionMask = 2147483647;
			files = (
				5D371BE528D135EA007FD8EA /* LICENSE.txt in Resources */,
				5D371BD628D09C9A007FD8EA /* LaunchScreen.storyboard in Resources */,
				5D371BD328D09C9A007FD8EA /* Assets.xcassets in Resources */,
				5D371BD128D09C99007FD8EA /* Main.storyboard in Resources */,
			);
			runOnlyForDeploymentPostprocessing = 0;
		};
/* End PBXResourcesBuildPhase section */

/* Begin PBXSourcesBuildPhase section */
		5D371BBF28D09C99007FD8EA /* Sources */ = {
			isa = PBXSourcesBuildPhase;
			buildActionMask = 2147483647;
			files = (
				5D371BCE28D09C99007FD8EA /* ViewController.m in Sources */,
				5D371BC828D09C99007FD8EA /* AppDelegate.m in Sources */,
				5D371BD928D09C9A007FD8EA /* main.m in Sources */,
				5D371BE128D09CBD007FD8EA /* TDWSerialDataTaskSequence.m in Sources */,
				5D371BCB28D09C99007FD8EA /* SceneDelegate.m in Sources */,
			);
			runOnlyForDeploymentPostprocessing = 0;
		};
/* End PBXSourcesBuildPhase section */

/* Begin PBXVariantGroup section */
		5D371BCF28D09C99007FD8EA /* Main.storyboard */ = {
			isa = PBXVariantGroup;
			children = (
				5D371BD028D09C99007FD8EA /* Base */,
			);
			name = Main.storyboard;
			sourceTree = "<group>";
		};
		5D371BD428D09C9A007FD8EA /* LaunchScreen.storyboard */ = {
			isa = PBXVariantGroup;
			children = (
				5D371BD528D09C9A007FD8EA /* Base */,
			);
			name = LaunchScreen.storyboard;
			sourceTree = "<group>";
		};
/* End PBXVariantGroup section */

/* Begin XCBuildConfiguration section */
		5D371BDA28D09C9A007FD8EA /* Debug */ = {
			isa = XCBuildConfiguration;
			buildSettings = {
				ALWAYS_SEARCH_USER_PATHS = NO;
				CLANG_ANALYZER_NONNULL = YES;
				CLANG_ANALYZER_NUMBER_OBJECT_CONVERSION = YES_AGGRESSIVE;
				CLANG_CXX_LANGUAGE_STANDARD = "gnu++17";
				CLANG_ENABLE_MODULES = YES;
				CLANG_ENABLE_OBJC_ARC = YES;
				CLANG_ENABLE_OBJC_WEAK = YES;
				CLANG_WARN_BLOCK_CAPTURE_AUTORELEASING = YES;
				CLANG_WARN_BOOL_CONVERSION = YES;
				CLANG_WARN_COMMA = YES;
				CLANG_WARN_CONSTANT_CONVERSION = YES;
				CLANG_WARN_DEPRECATED_OBJC_IMPLEMENTATIONS = YES;
				CLANG_WARN_DIRECT_OBJC_ISA_USAGE = YES_ERROR;
				CLANG_WARN_DOCUMENTATION_COMMENTS = YES;
				CLANG_WARN_EMPTY_BODY = YES;
				CLANG_WARN_ENUM_CONVERSION = YES;
				CLANG_WARN_INFINITE_RECURSION = YES;
				CLANG_WARN_INT_CONVERSION = YES;
				CLANG_WARN_NON_LITERAL_NULL_CONVERSION = YES;
				CLANG_WARN_OBJC_IMPLICIT_RETAIN_SELF = YES;
				CLANG_WARN_OBJC_LITERAL_CONVERSION = YES;
				CLANG_WARN_OBJC_ROOT_CLASS = YES_ERROR;
				CLANG_WARN_QUOTED_INCLUDE_IN_FRAMEWORK_HEADER = YES;
				CLANG_WARN_RANGE_LOOP_ANALYSIS = YES;
				CLANG_WARN_STRICT_PROTOTYPES = YES;
				CLANG_WARN_SUSPICIOUS_MOVE = YES;
				CLANG_WARN_UNGUARDED_AVAILABILITY = YES_AGGRESSIVE;
				CLANG_WARN_UNREACHABLE_CODE = YES;
				CLANG_WARN__DUPLICATE_METHOD_MATCH = YES;
				COPY_PHASE_STRIP = NO;
				DEBUG_INFORMATION_FORMAT = dwarf;
				ENABLE_STRICT_OBJC_MSGSEND = YES;
				ENABLE_TESTABILITY = YES;
				GCC_C_LANGUAGE_STANDARD = gnu11;
				GCC_DYNAMIC_NO_PIC = NO;
				GCC_NO_COMMON_BLOCKS = YES;
				GCC_OPTIMIZATION_LEVEL = 0;
				GCC_PREPROCESSOR_DEFINITIONS = (
					"DEBUG=1",
					"$(inherited)",
				);
				GCC_WARN_64_TO_32_BIT_CONVERSION = YES;
				GCC_WARN_ABOUT_RETURN_TYPE = YES_ERROR;
				GCC_WARN_UNDECLARED_SELECTOR = YES;
				GCC_WARN_UNINITIALIZED_AUTOS = YES_AGGRESSIVE;
				GCC_WARN_UNUSED_FUNCTION = YES;
				GCC_WARN_UNUSED_VARIABLE = YES;
				IPHONEOS_DEPLOYMENT_TARGET = 15.5;
				MTL_ENABLE_DEBUG_INFO = INCLUDE_SOURCE;
				MTL_FAST_MATH = YES;
				ONLY_ACTIVE_ARCH = YES;
				SDKROOT = iphoneos;
			};
			name = Debug;
		};
		5D371BDB28D09C9A007FD8EA /* Release */ = {
			isa = XCBuildConfiguration;
			buildSettings = {
				ALWAYS_SEARCH_USER_PATHS = NO;
				CLANG_ANALYZER_NONNULL = YES;
				CLANG_ANALYZER_NUMBER_OBJECT_CONVERSION = YES_AGGRESSIVE;
				CLANG_CXX_LANGUAGE_STANDARD = "gnu++17";
				CLANG_ENABLE_MODULES = YES;
				CLANG_ENABLE_OBJC_ARC = YES;
				CLANG_ENABLE_OBJC_WEAK = YES;
				CLANG_WARN_BLOCK_CAPTURE_AUTORELEASING = YES;
				CLANG_WARN_BOOL_CONVERSION = YES;
				CLANG_WARN_COMMA = YES;
				CLANG_WARN_CONSTANT_CONVERSION = YES;
				CLANG_WARN_DEPRECATED_OBJC_IMPLEMENTATIONS = YES;
				CLANG_WARN_DIRECT_OBJC_ISA_USAGE = YES_ERROR;
				CLANG_WARN_DOCUMENTATION_COMMENTS = YES;
				CLANG_WARN_EMPTY_BODY = YES;
				CLANG_WARN_ENUM_CONVERSION = YES;
				CLANG_WARN_INFINITE_RECURSION = YES;
				CLANG_WARN_INT_CONVERSION = YES;
				CLANG_WARN_NON_LITERAL_NULL_CONVERSION = YES;
				CLANG_WARN_OBJC_IMPLICIT_RETAIN_SELF = YES;
				CLANG_WARN_OBJC_LITERAL_CONVERSION = YES;
				CLANG_WARN_OBJC_ROOT_CLASS = YES_ERROR;
				CLANG_WARN_QUOTED_INCLUDE_IN_FRAMEWORK_HEADER = YES;
				CLANG_WARN_RANGE_LOOP_ANALYSIS = YES;
				CLANG_WARN_STRICT_PROTOTYPES = YES;
				CLANG_WARN_SUSPICIOUS_MOVE = YES;
				CLANG_WARN_UNGUARDED_AVAILABILITY = YES_AGGRESSIVE;
				CLANG_WARN_UNREACHABLE_CODE = YES;
				CLANG_WARN__DUPLICATE_METHOD_MATCH = YES;
				COPY_PHASE_STRIP = NO;
				DEBUG_INFORMATION_FORMAT = "dwarf-with-dsym";
				ENABLE_NS_ASSERTIONS = NO;
				ENABLE_STRICT_OBJC_MSGSEND = YES;
				GCC_C_LANGUAGE_STANDARD = gnu11;
				GCC_NO_COMMON_BLOCKS = YES;
				GCC_WARN_64_TO_32_BIT_CONVERSION = YES;
				GCC_WARN_ABOUT_RETURN_TYPE = YES_ERROR;
				GCC_WARN_UNDECLARED_SELECTOR = YES;
				GCC_WARN_UNINITIALIZED_AUTOS = YES_AGGRESSIVE;
				GCC_WARN_UNUSED_FUNCTION = YES;
				GCC_WARN_UNUSED_VARIABLE = YES;
				IPHONEOS_DEPLOYMENT_TARGET = 15.5;
				MTL_ENABLE_DEBUG_INFO = NO;
				MTL_FAST_MATH = YES;
				SDKROOT = iphoneos;
				VALIDATE_PRODUCT = YES;
			};
			name = Release;
		};
		5D371BDD28D09C9A007FD8EA /* Debug */ = {
			isa = XCBuildConfiguration;
			buildSettings = {
				ASSETCATALOG_COMPILER_APPICON_NAME = AppIcon;
				ASSETCATALOG_COMPILER_GLOBAL_ACCENT_COLOR_NAME = AccentColor;
				CODE_SIGN_STYLE = Automatic;
				CURRENT_PROJECT_VERSION = 1;
				DEVELOPMENT_TEAM = Z59342SG5P;
				GENERATE_INFOPLIST_FILE = YES;
				INFOPLIST_FILE = SerialDataTaskSequence/Info.plist;
				INFOPLIST_KEY_UIApplicationSupportsIndirectInputEvents = YES;
				INFOPLIST_KEY_UILaunchStoryboardName = LaunchScreen;
				INFOPLIST_KEY_UIMainStoryboardFile = Main;
				INFOPLIST_KEY_UISupportedInterfaceOrientations_iPad = "UIInterfaceOrientationPortrait UIInterfaceOrientationPortraitUpsideDown UIInterfaceOrientationLandscapeLeft UIInterfaceOrientationLandscapeRight";
				INFOPLIST_KEY_UISupportedInterfaceOrientations_iPhone = "UIInterfaceOrientationPortrait UIInterfaceOrientationLandscapeLeft UIInterfaceOrientationLandscapeRight";
				LD_RUNPATH_SEARCH_PATHS = (
					"$(inherited)",
					"@executable_path/Frameworks",
				);
				MARKETING_VERSION = 1.0;
				PRODUCT_BUNDLE_IDENTIFIER = the.dreams.wind.SerialDataTaskSequence;
				PRODUCT_NAME = "$(TARGET_NAME)";
				SWIFT_EMIT_LOC_STRINGS = YES;
				TARGETED_DEVICE_FAMILY = "1,2";
			};
			name = Debug;
		};
		5D371BDE28D09C9A007FD8EA /* Release */ = {
			isa = XCBuildConfiguration;
			buildSettings = {
				ASSETCATALOG_COMPILER_APPICON_NAME = AppIcon;
				ASSETCATALOG_COMPILER_GLOBAL_ACCENT_COLOR_NAME = AccentColor;
				CODE_SIGN_STYLE = Automatic;
				CURRENT_PROJECT_VERSION = 1;
				DEVELOPMENT_TEAM = Z59342SG5P;
				GENERATE_INFOPLIST_FILE = YES;
				INFOPLIST_FILE = SerialDataTaskSequence/Info.plist;
				INFOPLIST_KEY_UIApplicationSupportsIndirectInputEvents = YES;
				INFOPLIST_KEY_UILaunchStoryboardName = LaunchScreen;
				INFOPLIST_KEY_UIMainStoryboardFile = Main;
				INFOPLIST_KEY_UISupportedInterfaceOrientations_iPad = "UIInterfaceOrientationPortrait UIInterfaceOrientationPortraitUpsideDown UIInterfaceOrientationLandscapeLeft UIInterfaceOrientationLandscapeRight";
				INFOPLIST_KEY_UISupportedInterfaceOrientations_iPhone = "UIInterfaceOrientationPortrait UIInterfaceOrientationLandscapeLeft UIInterfaceOrientationLandscapeRight";
				LD_RUNPATH_SEARCH_PATHS = (
					"$(inherited)",
					"@executable_path/Frameworks",
				);
				MARKETING_VERSION = 1.0;
				PRODUCT_BUNDLE_IDENTIFIER = the.dreams.wind.SerialDataTaskSequence;
				PRODUCT_NAME = "$(TARGET_NAME)";
				SWIFT_EMIT_LOC_STRINGS = YES;
				TARGETED_DEVICE_FAMILY = "1,2";
			};
			name = Release;
		};
/* End XCBuildConfiguration section */

/* Begin XCConfigurationList section */
		5D371BBE28D09C99007FD8EA /* Build configuration list for PBXProject "SerialDataTaskSequence" */ = {
			isa = XCConfigurationList;
			buildConfigurations = (
				5D371BDA28D09C9A007FD8EA /* Debug */,
				5D371BDB28D09C9A007FD8EA /* Release */,
			);
			defaultConfigurationIsVisible = 0;
			defaultConfigurationName = Release;
		};
		5D371BDC28D09C9A007FD8EA /* Build configuration list for PBXNativeTarget "SerialDataTaskSequence" */ = {
			isa = XCConfigurationList;
			buildConfigurations = (
				5D371BDD28D09C9A007FD8EA /* Debug */,
				5D371BDE28D09C9A007FD8EA /* Release */,
			);
			defaultConfigurationIsVisible = 0;
			defaultConfigurationName = Release;
		};
/* End XCConfigurationList section */
	};
	rootObject = 5D371BBB28D09C99007FD8EA /* Project object */;
}
